
Microsoft Visual Studio Solution File, Format Version 12.00
# Visual Studio Version 16
VisualStudioVersion = 16.0.30413.136
MinimumVisualStudioVersion = 10.0.40219.1
Project("{FAE04EC0-301F-11D3-BF4B-00C04F79EFBC}") = "JWT", "JWT\JWT.csproj", "{EB173B7E-3AC2-4C1D-A2CD-15AD5D82AFE6}"
EndProject
Global
	GlobalSection(SolutionConfigurationPlatforms) = preSolution
		Debug|Any CPU = Debug|Any CPU
		Release|Any CPU = Release|Any CPU
	EndGlobalSection
	GlobalSection(ProjectConfigurationPlatforms) = postSolution
		{EB173B7E-3AC2-4C1D-A2CD-15AD5D82AFE6}.Debug|Any CPU.ActiveCfg = Debug|Any CPU
		{EB173B7E-3AC2-4C1D-A2CD-15AD5D82AFE6}.Debug|Any CPU.Build.0 = Debug|Any CPU
		{EB173B7E-3AC2-4C1D-A2CD-15AD5D82AFE6}.Release|Any CPU.ActiveCfg = Release|Any CPU
		{EB173B7E-3AC2-4C1D-A2CD-15AD5D82AFE6}.Release|Any CPU.Build.0 = Release|Any CPU
	EndGlobalSection
	GlobalSection(SolutionProperties) = preSolution
		HideSolutionNode = FALSE
	EndGlobalSection
	GlobalSection(ExtensibilityGlobals) = postSolution
		SolutionGuid = {380EE2F2-14EE-4B4C-AC2D-D9D5799C1A02}
	EndGlobalSection
EndGlobal
